
Microsoft Visual Studio Solution File, Format Version 12.00
# Visual Studio Version 16
VisualStudioVersion = 16.0.30523.141
MinimumVisualStudioVersion = 10.0.40219.1
Project("{FAE04EC0-301F-11D3-BF4B-00C04F79EFBC}") = "Entidad", "Entidad\Entidad.csproj", "{08A23A16-78EE-4CE6-954B-D748E0F39365}"
EndProject
Project("{FAE04EC0-301F-11D3-BF4B-00C04F79EFBC}") = "Datos", "Datos\Datos.csproj", "{EE36BBDA-D3DD-4C01-B6B7-EF53A774FC5A}"
EndProject
Project("{FAE04EC0-301F-11D3-BF4B-00C04F79EFBC}") = "Cliente", "Cliente\Cliente.csproj", "{3B45923D-8446-4C0D-BB97-605994CFFF31}"
EndProject
Global
	GlobalSection(SolutionConfigurationPlatforms) = preSolution
		Debug|Any CPU = Debug|Any CPU
		Release|Any CPU = Release|Any CPU
	EndGlobalSection
	GlobalSection(ProjectConfigurationPlatforms) = postSolution
		{08A23A16-78EE-4CE6-954B-D748E0F39365}.Debug|Any CPU.ActiveCfg = Debug|Any CPU
		{08A23A16-78EE-4CE6-954B-D748E0F39365}.Debug|Any CPU.Build.0 = Debug|Any CPU
		{08A23A16-78EE-4CE6-954B-D748E0F39365}.Release|Any CPU.ActiveCfg = Release|Any CPU
		{08A23A16-78EE-4CE6-954B-D748E0F39365}.Release|Any CPU.Build.0 = Release|Any CPU
		{EE36BBDA-D3DD-4C01-B6B7-EF53A774FC5A}.Debug|Any CPU.ActiveCfg = Debug|Any CPU
		{EE36BBDA-D3DD-4C01-B6B7-EF53A774FC5A}.Debug|Any CPU.Build.0 = Debug|Any CPU
		{EE36BBDA-D3DD-4C01-B6B7-EF53A774FC5A}.Release|Any CPU.ActiveCfg = Release|Any CPU
		{EE36BBDA-D3DD-4C01-B6B7-EF53A774FC5A}.Release|Any CPU.Build.0 = Release|Any CPU
		{3B45923D-8446-4C0D-BB97-605994CFFF31}.Debug|Any CPU.ActiveCfg = Debug|Any CPU
		{3B45923D-8446-4C0D-BB97-605994CFFF31}.Debug|Any CPU.Build.0 = Debug|Any CPU
		{3B45923D-8446-4C0D-BB97-605994CFFF31}.Release|Any CPU.ActiveCfg = Release|Any CPU
		{3B45923D-8446-4C0D-BB97-605994CFFF31}.Release|Any CPU.Build.0 = Release|Any CPU
	EndGlobalSection
	GlobalSection(SolutionProperties) = preSolution
		HideSolutionNode = FALSE
	EndGlobalSection
	GlobalSection(ExtensibilityGlobals) = postSolution
		SolutionGuid = {8216562A-A0FC-4C87-BA63-E4CAB4CD5A24}
	EndGlobalSection
EndGlobal
